
Microsoft Visual Studio Solution File, Format Version 12.00
# Visual Studio Version 16
VisualStudioVersion = 16.0.30320.27
MinimumVisualStudioVersion = 10.0.40219.1
Project("{FAE04EC0-301F-11D3-BF4B-00C04F79EFBC}") = "LAB_5_3", "LAB_5_3.csproj", "{C6A10236-557B-4293-A174-F5D1353405FB}"
EndProject
Global
	GlobalSection(SolutionConfigurationPlatforms) = preSolution
		Debug|Any CPU = Debug|Any CPU
		Release|Any CPU = Release|Any CPU
	EndGlobalSection
	GlobalSection(ProjectConfigurationPlatforms) = postSolution
		{C6A10236-557B-4293-A174-F5D1353405FB}.Debug|Any CPU.ActiveCfg = Debug|Any CPU
		{C6A10236-557B-4293-A174-F5D1353405FB}.Debug|Any CPU.Build.0 = Debug|Any CPU
		{C6A10236-557B-4293-A174-F5D1353405FB}.Release|Any CPU.ActiveCfg = Release|Any CPU
		{C6A10236-557B-4293-A174-F5D1353405FB}.Release|Any CPU.Build.0 = Release|Any CPU
	EndGlobalSection
	GlobalSection(SolutionProperties) = preSolution
		HideSolutionNode = FALSE
	EndGlobalSection
	GlobalSection(ExtensibilityGlobals) = postSolution
		SolutionGuid = {E899E1A9-6EB0-4558-BC8F-F8650F556BFD}
	EndGlobalSection
EndGlobal
